// !$*UTF8*$!
{
	archiveVersion = 1;
	classes = {
	};
	objectVersion = 46;
	objects = {

/* Begin PBXBuildFile section */
		CD085EBA1C08E08000E7FBA2 /* main.m in Sources */ = {isa = PBXBuildFile; fileRef = CD085EB91C08E08000E7FBA2 /* main.m */; };
		CD085EC21C08E0D300E7FBA2 /* CustomSet.m in Sources */ = {isa = PBXBuildFile; fileRef = CD085EC11C08E0D300E7FBA2 /* CustomSet.m */; };
/* End PBXBuildFile section */

/* Begin PBXCopyFilesBuildPhase section */
		CD085EB41C08E08000E7FBA2 /* CopyFiles */ = {
			isa = PBXCopyFilesBuildPhase;
			buildActionMask = 2147483647;
			dstPath = /usr/share/man/man1/;
			dstSubfolderSpec = 0;
			files = (
			);
			runOnlyForDeploymentPostprocessing = 1;
		};
/* End PBXCopyFilesBuildPhase section */

/* Begin PBXFileReference section */
		CD085EB61C08E08000E7FBA2 /* TTTSet */ = {isa = PBXFileReference; explicitFileType = "compiled.mach-o.executable"; includeInIndex = 0; path = TTTSet; sourceTree = BUILT_PRODUCTS_DIR; };
		CD085EB91C08E08000E7FBA2 /* main.m */ = {isa = PBXFileReference; lastKnownFileType = sourcecode.c.objc; path = main.m; sourceTree = "<group>"; };
		CD085EC01C08E0D300E7FBA2 /* CustomSet.h */ = {isa = PBXFileReference; fileEncoding = 4; lastKnownFileType = sourcecode.c.h; path = CustomSet.h; sourceTree = "<group>"; };
		CD085EC11C08E0D300E7FBA2 /* CustomSet.m */ = {isa = PBXFileReference; fileEncoding = 4; lastKnownFileType = sourcecode.c.objc; path = CustomSet.m; sourceTree = "<group>"; };
/* End PBXFileReference section */

/* Begin PBXFrameworksBuildPhase section */
		CD085EB31C08E08000E7FBA2 /* Frameworks */ = {
			isa = PBXFrameworksBuildPhase;
			buildActionMask = 2147483647;
			files = (
			);
			runOnlyForDeploymentPostprocessing = 0;
		};
/* End PBXFrameworksBuildPhase section */

/* Begin PBXGroup section */
		CD085EAD1C08E08000E7FBA2 = {
			isa = PBXGroup;
			children = (
				CD085EB81C08E08000E7FBA2 /* TTTSet */,
				CD085EB71C08E08000E7FBA2 /* Products */,
			);
			sourceTree = "<group>";
		};
		CD085EB71C08E08000E7FBA2 /* Products */ = {
			isa = PBXGroup;
			children = (
				CD085EB61C08E08000E7FBA2 /* TTTSet */,
			);
			name = Products;
			sourceTree = "<group>";
		};
		CD085EB81C08E08000E7FBA2 /* TTTSet */ = {
			isa = PBXGroup;
			children = (
				CD085EB91C08E08000E7FBA2 /* main.m */,
				CD085EC01C08E0D300E7FBA2 /* CustomSet.h */,
				CD085EC11C08E0D300E7FBA2 /* CustomSet.m */,
			);
			path = TTTSet;
			sourceTree = "<group>";
		};
/* End PBXGroup section */

/* Begin PBXNativeTarget section */
		CD085EB51C08E08000E7FBA2 /* TTTSet */ = {
			isa = PBXNativeTarget;
			buildConfigurationList = CD085EBD1C08E08000E7FBA2 /* Build configuration list for PBXNativeTarget "TTTSet" */;
			buildPhases = (
				CD085EB21C08E08000E7FBA2 /* Sources */,
				CD085EB31C08E08000E7FBA2 /* Frameworks */,
				CD085EB41C08E08000E7FBA2 /* CopyFiles */,
			);
			buildRules = (
			);
			dependencies = (
			);
			name = TTTSet;
			productName = TTTSet;
			productReference = CD085EB61C08E08000E7FBA2 /* TTTSet */;
			productType = "com.apple.product-type.tool";
		};
/* End PBXNativeTarget section */

/* Begin PBXProject section */
		CD085EAE1C08E08000E7FBA2 /* Project object */ = {
			isa = PBXProject;
			attributes = {
				LastUpgradeCheck = 0710;
				ORGANIZATIONNAME = turntotech;
				TargetAttributes = {
					CD085EB51C08E08000E7FBA2 = {
						CreatedOnToolsVersion = 7.1.1;
					};
				};
			};
			buildConfigurationList = CD085EB11C08E08000E7FBA2 /* Build configuration list for PBXProject "TTTSet" */;
			compatibilityVersion = "Xcode 3.2";
			developmentRegion = English;
			hasScannedForEncodings = 0;
			knownRegions = (
				en,
			);
			mainGroup = CD085EAD1C08E08000E7FBA2;
			productRefGroup = CD085EB71C08E08000E7FBA2 /* Products */;
			projectDirPath = "";
			projectRoot = "";
			targets = (
				CD085EB51C08E08000E7FBA2 /* TTTSet */,
			);
		};
/* End PBXProject section */

/* Begin PBXSourcesBuildPhase section */
		CD085EB21C08E08000E7FBA2 /* Sources */ = {
			isa = PBXSourcesBuildPhase;
			buildActionMask = 2147483647;
			files = (
				CD085EBA1C08E08000E7FBA2 /* main.m in Sources */,
				CD085EC21C08E0D300E7FBA2 /* CustomSet.m in Sources */,
			);
			runOnlyForDeploymentPostprocessing = 0;
		};
/* End PBXSourcesBuildPhase section */

/* Begin XCBuildConfiguration section */
		CD085EBB1C08E08000E7FBA2 /* Debug */ = {
			isa = XCBuildConfiguration;
			buildSettings = {
				ALWAYS_SEARCH_USER_PATHS = NO;
				CLANG_CXX_LANGUAGE_STANDARD = "gnu++0x";
				CLANG_CXX_LIBRARY = "libc++";
				CLANG_ENABLE_MODULES = YES;
				CLANG_ENABLE_OBJC_ARC = YES;
				CLANG_WARN_BOOL_CONVERSION = YES;
				CLANG_WARN_CONSTANT_CONVERSION = YES;
				CLANG_WARN_DIRECT_OBJC_ISA_USAGE = YES_ERROR;
				CLANG_WARN_EMPTY_BODY = YES;
				CLANG_WARN_ENUM_CONVERSION = YES;
				CLANG_WARN_INT_CONVERSION = YES;
				CLANG_WARN_OBJC_ROOT_CLASS = YES_ERROR;
				CLANG_WARN_UNREACHABLE_CODE = YES;
				CLANG_WARN__DUPLICATE_METHOD_MATCH = YES;
				CODE_SIGN_IDENTITY = "-";
				COPY_PHASE_STRIP = NO;
				DEBUG_INFORMATION_FORMAT = dwarf;
				ENABLE_STRICT_OBJC_MSGSEND = YES;
				ENABLE_TESTABILITY = YES;
				GCC_C_LANGUAGE_STANDARD = gnu99;
				GCC_DYNAMIC_NO_PIC = NO;
				GCC_NO_COMMON_BLOCKS = YES;
				GCC_OPTIMIZATION_LEVEL = 0;
				GCC_PREPROCESSOR_DEFINITIONS = (
					"DEBUG=1",
					"$(inherited)",
				);
				GCC_WARN_64_TO_32_BIT_CONVERSION = YES;
				GCC_WARN_ABOUT_RETURN_TYPE = YES_ERROR;
				GCC_WARN_UNDECLARED_SELECTOR = YES;
				GCC_WARN_UNINITIALIZED_AUTOS = YES_AGGRESSIVE;
				GCC_WARN_UNUSED_FUNCTION = YES;
				GCC_WARN_UNUSED_VARIABLE = YES;
				MACOSX_DEPLOYMENT_TARGET = 10.11;
				MTL_ENABLE_DEBUG_INFO = YES;
				ONLY_ACTIVE_ARCH = YES;
				SDKROOT = macosx;
			};
			name = Debug;
		};
		CD085EBC1C08E08000E7FBA2 /* Release */ = {
			isa = XCBuildConfiguration;
			buildSettings = {
				ALWAYS_SEARCH_USER_PATHS = NO;
				CLANG_CXX_LANGUAGE_STANDARD = "gnu++0x";
				CLANG_CXX_LIBRARY = "libc++";
				CLANG_ENABLE_MODULES = YES;
				CLANG_ENABLE_OBJC_ARC = YES;
				CLANG_WARN_BOOL_CONVERSION = YES;
				CLANG_WARN_CONSTANT_CONVERSION = YES;
				CLANG_WARN_DIRECT_OBJC_ISA_USAGE = YES_ERROR;
				CLANG_WARN_EMPTY_BODY = YES;
				CLANG_WARN_ENUM_CONVERSION = YES;
				CLANG_WARN_INT_CONVERSION = YES;
				CLANG_WARN_OBJC_ROOT_CLASS = YES_ERROR;
				CLANG_WARN_UNREACHABLE_CODE = YES;
				CLANG_WARN__DUPLICATE_METHOD_MATCH = YES;
				CODE_SIGN_IDENTITY = "-";
				COPY_PHASE_STRIP = NO;
				DEBUG_INFORMATION_FORMAT = "dwarf-with-dsym";
				ENABLE_NS_ASSERTIONS = NO;
				ENABLE_STRICT_OBJC_MSGSEND = YES;
				GCC_C_LANGUAGE_STANDARD = gnu99;
				GCC_NO_COMMON_BLOCKS = YES;
				GCC_WARN_64_TO_32_BIT_CONVERSION = YES;
				GCC_WARN_ABOUT_RETURN_TYPE = YES_ERROR;
				GCC_WARN_UNDECLARED_SELECTOR = YES;
				GCC_WARN_UNINITIALIZED_AUTOS = YES_AGGRESSIVE;
				GCC_WARN_UNUSED_FUNCTION = YES;
				GCC_WARN_UNUSED_VARIABLE = YES;
				MACOSX_DEPLOYMENT_TARGET = 10.11;
				MTL_ENABLE_DEBUG_INFO = NO;
				SDKROOT = macosx;
			};
			name = Release;
		};
		CD085EBE1C08E08000E7FBA2 /* Debug */ = {
			isa = XCBuildConfiguration;
			buildSettings = {
				PRODUCT_NAME = "$(TARGET_NAME)";
			};
			name = Debug;
		};
		CD085EBF1C08E08000E7FBA2 /* Release */ = {
			isa = XCBuildConfiguration;
			buildSettings = {
				PRODUCT_NAME = "$(TARGET_NAME)";
			};
			name = Release;
		};
/* End XCBuildConfiguration section */

/* Begin XCConfigurationList section */
		CD085EB11C08E08000E7FBA2 /* Build configuration list for PBXProject "TTTSet" */ = {
			isa = XCConfigurationList;
			buildConfigurations = (
				CD085EBB1C08E08000E7FBA2 /* Debug */,
				CD085EBC1C08E08000E7FBA2 /* Release */,
			);
			defaultConfigurationIsVisible = 0;
			defaultConfigurationName = Release;
		};
		CD085EBD1C08E08000E7FBA2 /* Build configuration list for PBXNativeTarget "TTTSet" */ = {
			isa = XCConfigurationList;
			buildConfigurations = (
				CD085EBE1C08E08000E7FBA2 /* Debug */,
				CD085EBF1C08E08000E7FBA2 /* Release */,
			);
			defaultConfigurationIsVisible = 0;
		};
/* End XCConfigurationList section */
	};
	rootObject = CD085EAE1C08E08000E7FBA2 /* Project object */;
}
