// !$*UTF8*$!
{
	archiveVersion = 1;
	classes = {
	};
	objectVersion = 46;
	objects = {

/* Begin PBXBuildFile section */
		CD085ED11C08F41100E7FBA2 /* main.m in Sources */ = {isa = PBXBuildFile; fileRef = CD085ED01C08F41100E7FBA2 /* main.m */; };
		CD085ED41C08F41100E7FBA2 /* AppDelegate.m in Sources */ = {isa = PBXBuildFile; fileRef = CD085ED31C08F41100E7FBA2 /* AppDelegate.m */; };
		CD085ED71C08F41100E7FBA2 /* ViewController.m in Sources */ = {isa = PBXBuildFile; fileRef = CD085ED61C08F41100E7FBA2 /* ViewController.m */; };
		CD085EDA1C08F41100E7FBA2 /* Main.storyboard in Resources */ = {isa = PBXBuildFile; fileRef = CD085ED81C08F41100E7FBA2 /* Main.storyboard */; };
		CD085EDC1C08F41100E7FBA2 /* Assets.xcassets in Resources */ = {isa = PBXBuildFile; fileRef = CD085EDB1C08F41100E7FBA2 /* Assets.xcassets */; };
		CD085EDF1C08F41100E7FBA2 /* LaunchScreen.storyboard in Resources */ = {isa = PBXBuildFile; fileRef = CD085EDD1C08F41100E7FBA2 /* LaunchScreen.storyboard */; };
		CD085EE71C091DAD00E7FBA2 /* AudioToolbox.framework in Frameworks */ = {isa = PBXBuildFile; fileRef = CD085EE61C091DAD00E7FBA2 /* AudioToolbox.framework */; };
/* End PBXBuildFile section */

/* Begin PBXFileReference section */
		CD085ECC1C08F41100E7FBA2 /* CountdownTimer.app */ = {isa = PBXFileReference; explicitFileType = wrapper.application; includeInIndex = 0; path = CountdownTimer.app; sourceTree = BUILT_PRODUCTS_DIR; };
		CD085ED01C08F41100E7FBA2 /* main.m */ = {isa = PBXFileReference; lastKnownFileType = sourcecode.c.objc; path = main.m; sourceTree = "<group>"; };
		CD085ED21C08F41100E7FBA2 /* AppDelegate.h */ = {isa = PBXFileReference; lastKnownFileType = sourcecode.c.h; path = AppDelegate.h; sourceTree = "<group>"; };
		CD085ED31C08F41100E7FBA2 /* AppDelegate.m */ = {isa = PBXFileReference; lastKnownFileType = sourcecode.c.objc; path = AppDelegate.m; sourceTree = "<group>"; };
		CD085ED51C08F41100E7FBA2 /* ViewController.h */ = {isa = PBXFileReference; lastKnownFileType = sourcecode.c.h; path = ViewController.h; sourceTree = "<group>"; };
		CD085ED61C08F41100E7FBA2 /* ViewController.m */ = {isa = PBXFileReference; lastKnownFileType = sourcecode.c.objc; path = ViewController.m; sourceTree = "<group>"; };
		CD085ED91C08F41100E7FBA2 /* Base */ = {isa = PBXFileReference; lastKnownFileType = file.storyboard; name = Base; path = Base.lproj/Main.storyboard; sourceTree = "<group>"; };
		CD085EDB1C08F41100E7FBA2 /* Assets.xcassets */ = {isa = PBXFileReference; lastKnownFileType = folder.assetcatalog; path = Assets.xcassets; sourceTree = "<group>"; };
		CD085EDE1C08F41100E7FBA2 /* Base */ = {isa = PBXFileReference; lastKnownFileType = file.storyboard; name = Base; path = Base.lproj/LaunchScreen.storyboard; sourceTree = "<group>"; };
		CD085EE01C08F41100E7FBA2 /* Info.plist */ = {isa = PBXFileReference; lastKnownFileType = text.plist.xml; path = Info.plist; sourceTree = "<group>"; };
		CD085EE61C091DAD00E7FBA2 /* AudioToolbox.framework */ = {isa = PBXFileReference; lastKnownFileType = wrapper.framework; name = AudioToolbox.framework; path = System/Library/Frameworks/AudioToolbox.framework; sourceTree = SDKROOT; };
		CD085EE81C0926E500E7FBA2 /* pew-pew-lei.caf */ = {isa = PBXFileReference; lastKnownFileType = file; name = "pew-pew-lei.caf"; path = "../../../../pew-pew-lei.caf"; sourceTree = "<group>"; };
/* End PBXFileReference section */

/* Begin PBXFrameworksBuildPhase section */
		CD085EC91C08F41100E7FBA2 /* Frameworks */ = {
			isa = PBXFrameworksBuildPhase;
			buildActionMask = 2147483647;
			files = (
				CD085EE71C091DAD00E7FBA2 /* AudioToolbox.framework in Frameworks */,
			);
			runOnlyForDeploymentPostprocessing = 0;
		};
/* End PBXFrameworksBuildPhase section */

/* Begin PBXGroup section */
		CD085EC31C08F41100E7FBA2 = {
			isa = PBXGroup;
			children = (
				CD085EE61C091DAD00E7FBA2 /* AudioToolbox.framework */,
				CD085ECE1C08F41100E7FBA2 /* CountdownTimer */,
				CD085ECD1C08F41100E7FBA2 /* Products */,
			);
			sourceTree = "<group>";
		};
		CD085ECD1C08F41100E7FBA2 /* Products */ = {
			isa = PBXGroup;
			children = (
				CD085ECC1C08F41100E7FBA2 /* CountdownTimer.app */,
			);
			name = Products;
			sourceTree = "<group>";
		};
		CD085ECE1C08F41100E7FBA2 /* CountdownTimer */ = {
			isa = PBXGroup;
			children = (
				CD085ED21C08F41100E7FBA2 /* AppDelegate.h */,
				CD085ED31C08F41100E7FBA2 /* AppDelegate.m */,
				CD085ED51C08F41100E7FBA2 /* ViewController.h */,
				CD085ED61C08F41100E7FBA2 /* ViewController.m */,
				CD085ED81C08F41100E7FBA2 /* Main.storyboard */,
				CD085EDB1C08F41100E7FBA2 /* Assets.xcassets */,
				CD085EDD1C08F41100E7FBA2 /* LaunchScreen.storyboard */,
				CD085EE01C08F41100E7FBA2 /* Info.plist */,
				CD085EE81C0926E500E7FBA2 /* pew-pew-lei.caf */,
				CD085ECF1C08F41100E7FBA2 /* Supporting Files */,
			);
			path = CountdownTimer;
			sourceTree = "<group>";
		};
		CD085ECF1C08F41100E7FBA2 /* Supporting Files */ = {
			isa = PBXGroup;
			children = (
				CD085ED01C08F41100E7FBA2 /* main.m */,
			);
			name = "Supporting Files";
			sourceTree = "<group>";
		};
/* End PBXGroup section */

/* Begin PBXNativeTarget section */
		CD085ECB1C08F41100E7FBA2 /* CountdownTimer */ = {
			isa = PBXNativeTarget;
			buildConfigurationList = CD085EE31C08F41100E7FBA2 /* Build configuration list for PBXNativeTarget "CountdownTimer" */;
			buildPhases = (
				CD085EC81C08F41100E7FBA2 /* Sources */,
				CD085EC91C08F41100E7FBA2 /* Frameworks */,
				CD085ECA1C08F41100E7FBA2 /* Resources */,
			);
			buildRules = (
			);
			dependencies = (
			);
			name = CountdownTimer;
			productName = CountdownTimer;
			productReference = CD085ECC1C08F41100E7FBA2 /* CountdownTimer.app */;
			productType = "com.apple.product-type.application";
		};
/* End PBXNativeTarget section */

/* Begin PBXProject section */
		CD085EC41C08F41100E7FBA2 /* Project object */ = {
			isa = PBXProject;
			attributes = {
				LastUpgradeCheck = 0710;
				ORGANIZATIONNAME = turntotech;
				TargetAttributes = {
					CD085ECB1C08F41100E7FBA2 = {
						CreatedOnToolsVersion = 7.1.1;
						DevelopmentTeam = 6G647EM6XN;
					};
				};
			};
			buildConfigurationList = CD085EC71C08F41100E7FBA2 /* Build configuration list for PBXProject "CountdownTimer" */;
			compatibilityVersion = "Xcode 3.2";
			developmentRegion = English;
			hasScannedForEncodings = 0;
			knownRegions = (
				en,
				Base,
			);
			mainGroup = CD085EC31C08F41100E7FBA2;
			productRefGroup = CD085ECD1C08F41100E7FBA2 /* Products */;
			projectDirPath = "";
			projectRoot = "";
			targets = (
				CD085ECB1C08F41100E7FBA2 /* CountdownTimer */,
			);
		};
/* End PBXProject section */

/* Begin PBXResourcesBuildPhase section */
		CD085ECA1C08F41100E7FBA2 /* Resources */ = {
			isa = PBXResourcesBuildPhase;
			buildActionMask = 2147483647;
			files = (
				CD085EDF1C08F41100E7FBA2 /* LaunchScreen.storyboard in Resources */,
				CD085EDC1C08F41100E7FBA2 /* Assets.xcassets in Resources */,
				CD085EDA1C08F41100E7FBA2 /* Main.storyboard in Resources */,
			);
			runOnlyForDeploymentPostprocessing = 0;
		};
/* End PBXResourcesBuildPhase section */

/* Begin PBXSourcesBuildPhase section */
		CD085EC81C08F41100E7FBA2 /* Sources */ = {
			isa = PBXSourcesBuildPhase;
			buildActionMask = 2147483647;
			files = (
				CD085ED71C08F41100E7FBA2 /* ViewController.m in Sources */,
				CD085ED41C08F41100E7FBA2 /* AppDelegate.m in Sources */,
				CD085ED11C08F41100E7FBA2 /* main.m in Sources */,
			);
			runOnlyForDeploymentPostprocessing = 0;
		};
/* End PBXSourcesBuildPhase section */

/* Begin PBXVariantGroup section */
		CD085ED81C08F41100E7FBA2 /* Main.storyboard */ = {
			isa = PBXVariantGroup;
			children = (
				CD085ED91C08F41100E7FBA2 /* Base */,
			);
			name = Main.storyboard;
			sourceTree = "<group>";
		};
		CD085EDD1C08F41100E7FBA2 /* LaunchScreen.storyboard */ = {
			isa = PBXVariantGroup;
			children = (
				CD085EDE1C08F41100E7FBA2 /* Base */,
			);
			name = LaunchScreen.storyboard;
			sourceTree = "<group>";
		};
/* End PBXVariantGroup section */

/* Begin XCBuildConfiguration section */
		CD085EE11C08F41100E7FBA2 /* Debug */ = {
			isa = XCBuildConfiguration;
			buildSettings = {
				ALWAYS_SEARCH_USER_PATHS = NO;
				CLANG_CXX_LANGUAGE_STANDARD = "gnu++0x";
				CLANG_CXX_LIBRARY = "libc++";
				CLANG_ENABLE_MODULES = YES;
				CLANG_ENABLE_OBJC_ARC = YES;
				CLANG_WARN_BOOL_CONVERSION = YES;
				CLANG_WARN_CONSTANT_CONVERSION = YES;
				CLANG_WARN_DIRECT_OBJC_ISA_USAGE = YES_ERROR;
				CLANG_WARN_EMPTY_BODY = YES;
				CLANG_WARN_ENUM_CONVERSION = YES;
				CLANG_WARN_INT_CONVERSION = YES;
				CLANG_WARN_OBJC_ROOT_CLASS = YES_ERROR;
				CLANG_WARN_UNREACHABLE_CODE = YES;
				CLANG_WARN__DUPLICATE_METHOD_MATCH = YES;
				"CODE_SIGN_IDENTITY[sdk=iphoneos*]" = "iPhone Developer";
				COPY_PHASE_STRIP = NO;
				DEBUG_INFORMATION_FORMAT = dwarf;
				ENABLE_STRICT_OBJC_MSGSEND = YES;
				ENABLE_TESTABILITY = YES;
				GCC_C_LANGUAGE_STANDARD = gnu99;
				GCC_DYNAMIC_NO_PIC = NO;
				GCC_NO_COMMON_BLOCKS = YES;
				GCC_OPTIMIZATION_LEVEL = 0;
				GCC_PREPROCESSOR_DEFINITIONS = (
					"DEBUG=1",
					"$(inherited)",
				);
				GCC_WARN_64_TO_32_BIT_CONVERSION = YES;
				GCC_WARN_ABOUT_RETURN_TYPE = YES_ERROR;
				GCC_WARN_UNDECLARED_SELECTOR = YES;
				GCC_WARN_UNINITIALIZED_AUTOS = YES_AGGRESSIVE;
				GCC_WARN_UNUSED_FUNCTION = YES;
				GCC_WARN_UNUSED_VARIABLE = YES;
				IPHONEOS_DEPLOYMENT_TARGET = 9.1;
				MTL_ENABLE_DEBUG_INFO = YES;
				ONLY_ACTIVE_ARCH = YES;
				SDKROOT = iphoneos;
				TARGETED_DEVICE_FAMILY = "1,2";
			};
			name = Debug;
		};
		CD085EE21C08F41100E7FBA2 /* Release */ = {
			isa = XCBuildConfiguration;
			buildSettings = {
				ALWAYS_SEARCH_USER_PATHS = NO;
				CLANG_CXX_LANGUAGE_STANDARD = "gnu++0x";
				CLANG_CXX_LIBRARY = "libc++";
				CLANG_ENABLE_MODULES = YES;
				CLANG_ENABLE_OBJC_ARC = YES;
				CLANG_WARN_BOOL_CONVERSION = YES;
				CLANG_WARN_CONSTANT_CONVERSION = YES;
				CLANG_WARN_DIRECT_OBJC_ISA_USAGE = YES_ERROR;
				CLANG_WARN_EMPTY_BODY = YES;
				CLANG_WARN_ENUM_CONVERSION = YES;
				CLANG_WARN_INT_CONVERSION = YES;
				CLANG_WARN_OBJC_ROOT_CLASS = YES_ERROR;
				CLANG_WARN_UNREACHABLE_CODE = YES;
				CLANG_WARN__DUPLICATE_METHOD_MATCH = YES;
				"CODE_SIGN_IDENTITY[sdk=iphoneos*]" = "iPhone Developer";
				COPY_PHASE_STRIP = NO;
				DEBUG_INFORMATION_FORMAT = "dwarf-with-dsym";
				ENABLE_NS_ASSERTIONS = NO;
				ENABLE_STRICT_OBJC_MSGSEND = YES;
				GCC_C_LANGUAGE_STANDARD = gnu99;
				GCC_NO_COMMON_BLOCKS = YES;
				GCC_WARN_64_TO_32_BIT_CONVERSION = YES;
				GCC_WARN_ABOUT_RETURN_TYPE = YES_ERROR;
				GCC_WARN_UNDECLARED_SELECTOR = YES;
				GCC_WARN_UNINITIALIZED_AUTOS = YES_AGGRESSIVE;
				GCC_WARN_UNUSED_FUNCTION = YES;
				GCC_WARN_UNUSED_VARIABLE = YES;
				IPHONEOS_DEPLOYMENT_TARGET = 9.1;
				MTL_ENABLE_DEBUG_INFO = NO;
				SDKROOT = iphoneos;
				TARGETED_DEVICE_FAMILY = "1,2";
				VALIDATE_PRODUCT = YES;
			};
			name = Release;
		};
		CD085EE41C08F41100E7FBA2 /* Debug */ = {
			isa = XCBuildConfiguration;
			buildSettings = {
				ASSETCATALOG_COMPILER_APPICON_NAME = AppIcon;
				INFOPLIST_FILE = CountdownTimer/Info.plist;
				LD_RUNPATH_SEARCH_PATHS = "$(inherited) @executable_path/Frameworks";
				PRODUCT_BUNDLE_IDENTIFIER = turntotech.CountdownTimer;
				PRODUCT_NAME = "$(TARGET_NAME)";
			};
			name = Debug;
		};
		CD085EE51C08F41100E7FBA2 /* Release */ = {
			isa = XCBuildConfiguration;
			buildSettings = {
				ASSETCATALOG_COMPILER_APPICON_NAME = AppIcon;
				INFOPLIST_FILE = CountdownTimer/Info.plist;
				LD_RUNPATH_SEARCH_PATHS = "$(inherited) @executable_path/Frameworks";
				PRODUCT_BUNDLE_IDENTIFIER = turntotech.CountdownTimer;
				PRODUCT_NAME = "$(TARGET_NAME)";
			};
			name = Release;
		};
/* End XCBuildConfiguration section */

/* Begin XCConfigurationList section */
		CD085EC71C08F41100E7FBA2 /* Build configuration list for PBXProject "CountdownTimer" */ = {
			isa = XCConfigurationList;
			buildConfigurations = (
				CD085EE11C08F41100E7FBA2 /* Debug */,
				CD085EE21C08F41100E7FBA2 /* Release */,
			);
			defaultConfigurationIsVisible = 0;
			defaultConfigurationName = Release;
		};
		CD085EE31C08F41100E7FBA2 /* Build configuration list for PBXNativeTarget "CountdownTimer" */ = {
			isa = XCConfigurationList;
			buildConfigurations = (
				CD085EE41C08F41100E7FBA2 /* Debug */,
				CD085EE51C08F41100E7FBA2 /* Release */,
			);
			defaultConfigurationIsVisible = 0;
		};
/* End XCConfigurationList section */
	};
	rootObject = CD085EC41C08F41100E7FBA2 /* Project object */;
}
